// !$*UTF8*$!
{
	archiveVersion = 1;
	classes = {
	};
	objectVersion = 55;
	objects = {

/* Begin PBXBuildFile section */
		A413AC842B33212E00D1FDDC /* Exceptions.cpp in Sources */ = {isa = PBXBuildFile; fileRef = A413AC822B33212E00D1FDDC /* Exceptions.cpp */; };
		A499AFE42B2DE3280059FAFD /* main.cpp in Sources */ = {isa = PBXBuildFile; fileRef = A499AFE32B2DE3280059FAFD /* main.cpp */; };
		A499AFEC2B31E2BC0059FAFD /* Vehicle.cpp in Sources */ = {isa = PBXBuildFile; fileRef = A499AFEA2B31E2BB0059FAFD /* Vehicle.cpp */; };
		A499AFEF2B31E31E0059FAFD /* LandVehicle.cpp in Sources */ = {isa = PBXBuildFile; fileRef = A499AFED2B31E31E0059FAFD /* LandVehicle.cpp */; };
		A499AFF22B31E3740059FAFD /* SurfaceType.cpp in Sources */ = {isa = PBXBuildFile; fileRef = A499AFF02B31E3740059FAFD /* SurfaceType.cpp */; };
		A499AFF52B31E3E40059FAFD /* Camel.cpp in Sources */ = {isa = PBXBuildFile; fileRef = A499AFF32B31E3E40059FAFD /* Camel.cpp */; };
		A499AFF82B31E4080059FAFD /* FastCamel.cpp in Sources */ = {isa = PBXBuildFile; fileRef = A499AFF62B31E4080059FAFD /* FastCamel.cpp */; };
		A499AFFB2B31E4260059FAFD /* Centaur.cpp in Sources */ = {isa = PBXBuildFile; fileRef = A499AFF92B31E4260059FAFD /* Centaur.cpp */; };
		A499AFFE2B31E46C0059FAFD /* AllTerrainBoots.cpp in Sources */ = {isa = PBXBuildFile; fileRef = A499AFFC2B31E46C0059FAFD /* AllTerrainBoots.cpp */; };
		A499B0012B31E4A20059FAFD /* AirVehicle.cpp in Sources */ = {isa = PBXBuildFile; fileRef = A499AFFF2B31E4A20059FAFD /* AirVehicle.cpp */; };
		A499B0042B31E4C00059FAFD /* Eagle.cpp in Sources */ = {isa = PBXBuildFile; fileRef = A499B0022B31E4C00059FAFD /* Eagle.cpp */; };
		A499B0072B31E4DF0059FAFD /* Broom.cpp in Sources */ = {isa = PBXBuildFile; fileRef = A499B0052B31E4DF0059FAFD /* Broom.cpp */; };
		A499B00D2B31E5270059FAFD /* Player.cpp in Sources */ = {isa = PBXBuildFile; fileRef = A499B00B2B31E5270059FAFD /* Player.cpp */; };
		A499B0102B31E54A0059FAFD /* Game.cpp in Sources */ = {isa = PBXBuildFile; fileRef = A499B00E2B31E54A0059FAFD /* Game.cpp */; };
		A499B0132B31E5C70059FAFD /* UserDialog.cpp in Sources */ = {isa = PBXBuildFile; fileRef = A499B0112B31E5C70059FAFD /* UserDialog.cpp */; };
		A499B0162B31E6820059FAFD /* MagicCarpet.cpp in Sources */ = {isa = PBXBuildFile; fileRef = A499B0142B31E6820059FAFD /* MagicCarpet.cpp */; };
/* End PBXBuildFile section */

/* Begin PBXCopyFilesBuildPhase section */
		A499AFDE2B2DE3280059FAFD /* CopyFiles */ = {
			isa = PBXCopyFilesBuildPhase;
			buildActionMask = 2147483647;
			dstPath = /usr/share/man/man1/;
			dstSubfolderSpec = 0;
			files = (
			);
			runOnlyForDeploymentPostprocessing = 1;
		};
/* End PBXCopyFilesBuildPhase section */

/* Begin PBXFileReference section */
		A413AC822B33212E00D1FDDC /* Exceptions.cpp */ = {isa = PBXFileReference; lastKnownFileType = sourcecode.cpp.cpp; path = Exceptions.cpp; sourceTree = "<group>"; };
		A413AC832B33212E00D1FDDC /* Exceptions.hpp */ = {isa = PBXFileReference; lastKnownFileType = sourcecode.cpp.h; path = Exceptions.hpp; sourceTree = "<group>"; };
		A499AFE02B2DE3280059FAFD /* race_game */ = {isa = PBXFileReference; explicitFileType = "compiled.mach-o.executable"; includeInIndex = 0; path = race_game; sourceTree = BUILT_PRODUCTS_DIR; };
		A499AFE32B2DE3280059FAFD /* main.cpp */ = {isa = PBXFileReference; lastKnownFileType = sourcecode.cpp.cpp; path = main.cpp; sourceTree = "<group>"; };
		A499AFEA2B31E2BB0059FAFD /* Vehicle.cpp */ = {isa = PBXFileReference; lastKnownFileType = sourcecode.cpp.cpp; path = Vehicle.cpp; sourceTree = "<group>"; };
		A499AFEB2B31E2BB0059FAFD /* Vehicle.hpp */ = {isa = PBXFileReference; lastKnownFileType = sourcecode.cpp.h; path = Vehicle.hpp; sourceTree = "<group>"; };
		A499AFED2B31E31E0059FAFD /* LandVehicle.cpp */ = {isa = PBXFileReference; lastKnownFileType = sourcecode.cpp.cpp; path = LandVehicle.cpp; sourceTree = "<group>"; };
		A499AFEE2B31E31E0059FAFD /* LandVehicle.hpp */ = {isa = PBXFileReference; lastKnownFileType = sourcecode.cpp.h; path = LandVehicle.hpp; sourceTree = "<group>"; };
		A499AFF02B31E3740059FAFD /* SurfaceType.cpp */ = {isa = PBXFileReference; lastKnownFileType = sourcecode.cpp.cpp; path = SurfaceType.cpp; sourceTree = "<group>"; };
		A499AFF12B31E3740059FAFD /* SurfaceType.hpp */ = {isa = PBXFileReference; lastKnownFileType = sourcecode.cpp.h; path = SurfaceType.hpp; sourceTree = "<group>"; };
		A499AFF32B31E3E40059FAFD /* Camel.cpp */ = {isa = PBXFileReference; lastKnownFileType = sourcecode.cpp.cpp; path = Camel.cpp; sourceTree = "<group>"; };
		A499AFF42B31E3E40059FAFD /* Camel.hpp */ = {isa = PBXFileReference; lastKnownFileType = sourcecode.cpp.h; path = Camel.hpp; sourceTree = "<group>"; };
		A499AFF62B31E4080059FAFD /* FastCamel.cpp */ = {isa = PBXFileReference; lastKnownFileType = sourcecode.cpp.cpp; path = FastCamel.cpp; sourceTree = "<group>"; };
		A499AFF72B31E4080059FAFD /* FastCamel.hpp */ = {isa = PBXFileReference; lastKnownFileType = sourcecode.cpp.h; path = FastCamel.hpp; sourceTree = "<group>"; };
		A499AFF92B31E4260059FAFD /* Centaur.cpp */ = {isa = PBXFileReference; lastKnownFileType = sourcecode.cpp.cpp; path = Centaur.cpp; sourceTree = "<group>"; };
		A499AFFA2B31E4260059FAFD /* Centaur.hpp */ = {isa = PBXFileReference; lastKnownFileType = sourcecode.cpp.h; path = Centaur.hpp; sourceTree = "<group>"; };
		A499AFFC2B31E46C0059FAFD /* AllTerrainBoots.cpp */ = {isa = PBXFileReference; lastKnownFileType = sourcecode.cpp.cpp; path = AllTerrainBoots.cpp; sourceTree = "<group>"; };
		A499AFFD2B31E46C0059FAFD /* AllTerrainBoots.hpp */ = {isa = PBXFileReference; lastKnownFileType = sourcecode.cpp.h; path = AllTerrainBoots.hpp; sourceTree = "<group>"; };
		A499AFFF2B31E4A20059FAFD /* AirVehicle.cpp */ = {isa = PBXFileReference; lastKnownFileType = sourcecode.cpp.cpp; path = AirVehicle.cpp; sourceTree = "<group>"; };
		A499B0002B31E4A20059FAFD /* AirVehicle.hpp */ = {isa = PBXFileReference; lastKnownFileType = sourcecode.cpp.h; path = AirVehicle.hpp; sourceTree = "<group>"; };
		A499B0022B31E4C00059FAFD /* Eagle.cpp */ = {isa = PBXFileReference; lastKnownFileType = sourcecode.cpp.cpp; path = Eagle.cpp; sourceTree = "<group>"; };
		A499B0032B31E4C00059FAFD /* Eagle.hpp */ = {isa = PBXFileReference; lastKnownFileType = sourcecode.cpp.h; path = Eagle.hpp; sourceTree = "<group>"; };
		A499B0052B31E4DF0059FAFD /* Broom.cpp */ = {isa = PBXFileReference; lastKnownFileType = sourcecode.cpp.cpp; path = Broom.cpp; sourceTree = "<group>"; };
		A499B0062B31E4DF0059FAFD /* Broom.hpp */ = {isa = PBXFileReference; lastKnownFileType = sourcecode.cpp.h; path = Broom.hpp; sourceTree = "<group>"; };
		A499B00B2B31E5270059FAFD /* Player.cpp */ = {isa = PBXFileReference; lastKnownFileType = sourcecode.cpp.cpp; path = Player.cpp; sourceTree = "<group>"; };
		A499B00C2B31E5270059FAFD /* Player.hpp */ = {isa = PBXFileReference; lastKnownFileType = sourcecode.cpp.h; path = Player.hpp; sourceTree = "<group>"; };
		A499B00E2B31E54A0059FAFD /* Game.cpp */ = {isa = PBXFileReference; lastKnownFileType = sourcecode.cpp.cpp; path = Game.cpp; sourceTree = "<group>"; };
		A499B00F2B31E54A0059FAFD /* Game.hpp */ = {isa = PBXFileReference; lastKnownFileType = sourcecode.cpp.h; path = Game.hpp; sourceTree = "<group>"; };
		A499B0112B31E5C70059FAFD /* UserDialog.cpp */ = {isa = PBXFileReference; lastKnownFileType = sourcecode.cpp.cpp; path = UserDialog.cpp; sourceTree = "<group>"; };
		A499B0122B31E5C70059FAFD /* UserDialog.hpp */ = {isa = PBXFileReference; lastKnownFileType = sourcecode.cpp.h; path = UserDialog.hpp; sourceTree = "<group>"; };
		A499B0142B31E6820059FAFD /* MagicCarpet.cpp */ = {isa = PBXFileReference; lastKnownFileType = sourcecode.cpp.cpp; path = MagicCarpet.cpp; sourceTree = "<group>"; };
		A499B0152B31E6820059FAFD /* MagicCarpet.hpp */ = {isa = PBXFileReference; lastKnownFileType = sourcecode.cpp.h; path = MagicCarpet.hpp; sourceTree = "<group>"; };
/* End PBXFileReference section */

/* Begin PBXFrameworksBuildPhase section */
		A499AFDD2B2DE3280059FAFD /* Frameworks */ = {
			isa = PBXFrameworksBuildPhase;
			buildActionMask = 2147483647;
			files = (
			);
			runOnlyForDeploymentPostprocessing = 0;
		};
/* End PBXFrameworksBuildPhase section */

/* Begin PBXGroup section */
		A499AFD72B2DE3280059FAFD = {
			isa = PBXGroup;
			children = (
				A499AFE22B2DE3280059FAFD /* race_game */,
				A499AFE12B2DE3280059FAFD /* Products */,
			);
			sourceTree = "<group>";
		};
		A499AFE12B2DE3280059FAFD /* Products */ = {
			isa = PBXGroup;
			children = (
				A499AFE02B2DE3280059FAFD /* race_game */,
			);
			name = Products;
			sourceTree = "<group>";
		};
		A499AFE22B2DE3280059FAFD /* race_game */ = {
			isa = PBXGroup;
			children = (
				A499AFE32B2DE3280059FAFD /* main.cpp */,
				A499AFEA2B31E2BB0059FAFD /* Vehicle.cpp */,
				A499AFEB2B31E2BB0059FAFD /* Vehicle.hpp */,
				A499AFED2B31E31E0059FAFD /* LandVehicle.cpp */,
				A499AFEE2B31E31E0059FAFD /* LandVehicle.hpp */,
				A499AFF02B31E3740059FAFD /* SurfaceType.cpp */,
				A499AFF12B31E3740059FAFD /* SurfaceType.hpp */,
				A499AFF32B31E3E40059FAFD /* Camel.cpp */,
				A499AFF42B31E3E40059FAFD /* Camel.hpp */,
				A499AFF62B31E4080059FAFD /* FastCamel.cpp */,
				A499AFF72B31E4080059FAFD /* FastCamel.hpp */,
				A499AFF92B31E4260059FAFD /* Centaur.cpp */,
				A499AFFA2B31E4260059FAFD /* Centaur.hpp */,
				A499AFFC2B31E46C0059FAFD /* AllTerrainBoots.cpp */,
				A499AFFD2B31E46C0059FAFD /* AllTerrainBoots.hpp */,
				A499AFFF2B31E4A20059FAFD /* AirVehicle.cpp */,
				A499B0002B31E4A20059FAFD /* AirVehicle.hpp */,
				A499B0022B31E4C00059FAFD /* Eagle.cpp */,
				A499B0032B31E4C00059FAFD /* Eagle.hpp */,
				A499B0052B31E4DF0059FAFD /* Broom.cpp */,
				A499B0062B31E4DF0059FAFD /* Broom.hpp */,
				A499B00B2B31E5270059FAFD /* Player.cpp */,
				A499B00C2B31E5270059FAFD /* Player.hpp */,
				A499B00E2B31E54A0059FAFD /* Game.cpp */,
				A499B00F2B31E54A0059FAFD /* Game.hpp */,
				A499B0112B31E5C70059FAFD /* UserDialog.cpp */,
				A499B0122B31E5C70059FAFD /* UserDialog.hpp */,
				A499B0142B31E6820059FAFD /* MagicCarpet.cpp */,
				A499B0152B31E6820059FAFD /* MagicCarpet.hpp */,
				A413AC822B33212E00D1FDDC /* Exceptions.cpp */,
				A413AC832B33212E00D1FDDC /* Exceptions.hpp */,
			);
			path = race_game;
			sourceTree = "<group>";
		};
/* End PBXGroup section */

/* Begin PBXNativeTarget section */
		A499AFDF2B2DE3280059FAFD /* race_game */ = {
			isa = PBXNativeTarget;
			buildConfigurationList = A499AFE72B2DE3280059FAFD /* Build configuration list for PBXNativeTarget "race_game" */;
			buildPhases = (
				A499AFDC2B2DE3280059FAFD /* Sources */,
				A499AFDD2B2DE3280059FAFD /* Frameworks */,
				A499AFDE2B2DE3280059FAFD /* CopyFiles */,
			);
			buildRules = (
			);
			dependencies = (
			);
			name = race_game;
			productName = race_game;
			productReference = A499AFE02B2DE3280059FAFD /* race_game */;
			productType = "com.apple.product-type.tool";
		};
/* End PBXNativeTarget section */

/* Begin PBXProject section */
		A499AFD82B2DE3280059FAFD /* Project object */ = {
			isa = PBXProject;
			attributes = {
				BuildIndependentTargetsInParallel = 1;
				LastUpgradeCheck = 1300;
				TargetAttributes = {
					A499AFDF2B2DE3280059FAFD = {
						CreatedOnToolsVersion = 13.0;
					};
				};
			};
			buildConfigurationList = A499AFDB2B2DE3280059FAFD /* Build configuration list for PBXProject "race_game" */;
			compatibilityVersion = "Xcode 13.0";
			developmentRegion = en;
			hasScannedForEncodings = 0;
			knownRegions = (
				en,
				Base,
			);
			mainGroup = A499AFD72B2DE3280059FAFD;
			productRefGroup = A499AFE12B2DE3280059FAFD /* Products */;
			projectDirPath = "";
			projectRoot = "";
			targets = (
				A499AFDF2B2DE3280059FAFD /* race_game */,
			);
		};
/* End PBXProject section */

/* Begin PBXSourcesBuildPhase section */
		A499AFDC2B2DE3280059FAFD /* Sources */ = {
			isa = PBXSourcesBuildPhase;
			buildActionMask = 2147483647;
			files = (
				A499B0162B31E6820059FAFD /* MagicCarpet.cpp in Sources */,
				A413AC842B33212E00D1FDDC /* Exceptions.cpp in Sources */,
				A499B0132B31E5C70059FAFD /* UserDialog.cpp in Sources */,
				A499B0012B31E4A20059FAFD /* AirVehicle.cpp in Sources */,
				A499AFF52B31E3E40059FAFD /* Camel.cpp in Sources */,
				A499B0042B31E4C00059FAFD /* Eagle.cpp in Sources */,
				A499AFFE2B31E46C0059FAFD /* AllTerrainBoots.cpp in Sources */,
				A499AFEC2B31E2BC0059FAFD /* Vehicle.cpp in Sources */,
				A499AFEF2B31E31E0059FAFD /* LandVehicle.cpp in Sources */,
				A499AFE42B2DE3280059FAFD /* main.cpp in Sources */,
				A499B00D2B31E5270059FAFD /* Player.cpp in Sources */,
				A499AFF22B31E3740059FAFD /* SurfaceType.cpp in Sources */,
				A499B0072B31E4DF0059FAFD /* Broom.cpp in Sources */,
				A499AFFB2B31E4260059FAFD /* Centaur.cpp in Sources */,
				A499AFF82B31E4080059FAFD /* FastCamel.cpp in Sources */,
				A499B0102B31E54A0059FAFD /* Game.cpp in Sources */,
			);
			runOnlyForDeploymentPostprocessing = 0;
		};
/* End PBXSourcesBuildPhase section */

/* Begin XCBuildConfiguration section */
		A499AFE52B2DE3280059FAFD /* Debug */ = {
			isa = XCBuildConfiguration;
			buildSettings = {
				ALWAYS_SEARCH_USER_PATHS = NO;
				CLANG_ANALYZER_NONNULL = YES;
				CLANG_ANALYZER_NUMBER_OBJECT_CONVERSION = YES_AGGRESSIVE;
				CLANG_CXX_LANGUAGE_STANDARD = "gnu++17";
				CLANG_CXX_LIBRARY = "libc++";
				CLANG_ENABLE_MODULES = YES;
				CLANG_ENABLE_OBJC_ARC = YES;
				CLANG_ENABLE_OBJC_WEAK = YES;
				CLANG_WARN_BLOCK_CAPTURE_AUTORELEASING = YES;
				CLANG_WARN_BOOL_CONVERSION = YES;
				CLANG_WARN_COMMA = YES;
				CLANG_WARN_CONSTANT_CONVERSION = YES;
				CLANG_WARN_DEPRECATED_OBJC_IMPLEMENTATIONS = YES;
				CLANG_WARN_DIRECT_OBJC_ISA_USAGE = YES_ERROR;
				CLANG_WARN_DOCUMENTATION_COMMENTS = YES;
				CLANG_WARN_EMPTY_BODY = YES;
				CLANG_WARN_ENUM_CONVERSION = YES;
				CLANG_WARN_INFINITE_RECURSION = YES;
				CLANG_WARN_INT_CONVERSION = YES;
				CLANG_WARN_NON_LITERAL_NULL_CONVERSION = YES;
				CLANG_WARN_OBJC_IMPLICIT_RETAIN_SELF = YES;
				CLANG_WARN_OBJC_LITERAL_CONVERSION = YES;
				CLANG_WARN_OBJC_ROOT_CLASS = YES_ERROR;
				CLANG_WARN_QUOTED_INCLUDE_IN_FRAMEWORK_HEADER = YES;
				CLANG_WARN_RANGE_LOOP_ANALYSIS = YES;
				CLANG_WARN_STRICT_PROTOTYPES = YES;
				CLANG_WARN_SUSPICIOUS_MOVE = YES;
				CLANG_WARN_UNGUARDED_AVAILABILITY = YES_AGGRESSIVE;
				CLANG_WARN_UNREACHABLE_CODE = YES;
				CLANG_WARN__DUPLICATE_METHOD_MATCH = YES;
				COPY_PHASE_STRIP = NO;
				DEBUG_INFORMATION_FORMAT = dwarf;
				ENABLE_STRICT_OBJC_MSGSEND = YES;
				ENABLE_TESTABILITY = YES;
				GCC_C_LANGUAGE_STANDARD = gnu11;
				GCC_DYNAMIC_NO_PIC = NO;
				GCC_NO_COMMON_BLOCKS = YES;
				GCC_OPTIMIZATION_LEVEL = 0;
				GCC_PREPROCESSOR_DEFINITIONS = (
					"DEBUG=1",
					"$(inherited)",
				);
				GCC_WARN_64_TO_32_BIT_CONVERSION = YES;
				GCC_WARN_ABOUT_RETURN_TYPE = YES_ERROR;
				GCC_WARN_UNDECLARED_SELECTOR = YES;
				GCC_WARN_UNINITIALIZED_AUTOS = YES_AGGRESSIVE;
				GCC_WARN_UNUSED_FUNCTION = YES;
				GCC_WARN_UNUSED_VARIABLE = YES;
				MACOSX_DEPLOYMENT_TARGET = 11.3;
				MTL_ENABLE_DEBUG_INFO = INCLUDE_SOURCE;
				MTL_FAST_MATH = YES;
				ONLY_ACTIVE_ARCH = YES;
				SDKROOT = macosx;
			};
			name = Debug;
		};
		A499AFE62B2DE3280059FAFD /* Release */ = {
			isa = XCBuildConfiguration;
			buildSettings = {
				ALWAYS_SEARCH_USER_PATHS = NO;
				CLANG_ANALYZER_NONNULL = YES;
				CLANG_ANALYZER_NUMBER_OBJECT_CONVERSION = YES_AGGRESSIVE;
				CLANG_CXX_LANGUAGE_STANDARD = "gnu++17";
				CLANG_CXX_LIBRARY = "libc++";
				CLANG_ENABLE_MODULES = YES;
				CLANG_ENABLE_OBJC_ARC = YES;
				CLANG_ENABLE_OBJC_WEAK = YES;
				CLANG_WARN_BLOCK_CAPTURE_AUTORELEASING = YES;
				CLANG_WARN_BOOL_CONVERSION = YES;
				CLANG_WARN_COMMA = YES;
				CLANG_WARN_CONSTANT_CONVERSION = YES;
				CLANG_WARN_DEPRECATED_OBJC_IMPLEMENTATIONS = YES;
				CLANG_WARN_DIRECT_OBJC_ISA_USAGE = YES_ERROR;
				CLANG_WARN_DOCUMENTATION_COMMENTS = YES;
				CLANG_WARN_EMPTY_BODY = YES;
				CLANG_WARN_ENUM_CONVERSION = YES;
				CLANG_WARN_INFINITE_RECURSION = YES;
				CLANG_WARN_INT_CONVERSION = YES;
				CLANG_WARN_NON_LITERAL_NULL_CONVERSION = YES;
				CLANG_WARN_OBJC_IMPLICIT_RETAIN_SELF = YES;
				CLANG_WARN_OBJC_LITERAL_CONVERSION = YES;
				CLANG_WARN_OBJC_ROOT_CLASS = YES_ERROR;
				CLANG_WARN_QUOTED_INCLUDE_IN_FRAMEWORK_HEADER = YES;
				CLANG_WARN_RANGE_LOOP_ANALYSIS = YES;
				CLANG_WARN_STRICT_PROTOTYPES = YES;
				CLANG_WARN_SUSPICIOUS_MOVE = YES;
				CLANG_WARN_UNGUARDED_AVAILABILITY = YES_AGGRESSIVE;
				CLANG_WARN_UNREACHABLE_CODE = YES;
				CLANG_WARN__DUPLICATE_METHOD_MATCH = YES;
				COPY_PHASE_STRIP = NO;
				DEBUG_INFORMATION_FORMAT = "dwarf-with-dsym";
				ENABLE_NS_ASSERTIONS = NO;
				ENABLE_STRICT_OBJC_MSGSEND = YES;
				GCC_C_LANGUAGE_STANDARD = gnu11;
				GCC_NO_COMMON_BLOCKS = YES;
				GCC_WARN_64_TO_32_BIT_CONVERSION = YES;
				GCC_WARN_ABOUT_RETURN_TYPE = YES_ERROR;
				GCC_WARN_UNDECLARED_SELECTOR = YES;
				GCC_WARN_UNINITIALIZED_AUTOS = YES_AGGRESSIVE;
				GCC_WARN_UNUSED_FUNCTION = YES;
				GCC_WARN_UNUSED_VARIABLE = YES;
				MACOSX_DEPLOYMENT_TARGET = 11.3;
				MTL_ENABLE_DEBUG_INFO = NO;
				MTL_FAST_MATH = YES;
				SDKROOT = macosx;
			};
			name = Release;
		};
		A499AFE82B2DE3280059FAFD /* Debug */ = {
			isa = XCBuildConfiguration;
			buildSettings = {
				CODE_SIGN_STYLE = Automatic;
				PRODUCT_NAME = "$(TARGET_NAME)";
			};
			name = Debug;
		};
		A499AFE92B2DE3280059FAFD /* Release */ = {
			isa = XCBuildConfiguration;
			buildSettings = {
				CODE_SIGN_STYLE = Automatic;
				PRODUCT_NAME = "$(TARGET_NAME)";
			};
			name = Release;
		};
/* End XCBuildConfiguration section */

/* Begin XCConfigurationList section */
		A499AFDB2B2DE3280059FAFD /* Build configuration list for PBXProject "race_game" */ = {
			isa = XCConfigurationList;
			buildConfigurations = (
				A499AFE52B2DE3280059FAFD /* Debug */,
				A499AFE62B2DE3280059FAFD /* Release */,
			);
			defaultConfigurationIsVisible = 0;
			defaultConfigurationName = Release;
		};
		A499AFE72B2DE3280059FAFD /* Build configuration list for PBXNativeTarget "race_game" */ = {
			isa = XCConfigurationList;
			buildConfigurations = (
				A499AFE82B2DE3280059FAFD /* Debug */,
				A499AFE92B2DE3280059FAFD /* Release */,
			);
			defaultConfigurationIsVisible = 0;
			defaultConfigurationName = Release;
		};
/* End XCConfigurationList section */
	};
	rootObject = A499AFD82B2DE3280059FAFD /* Project object */;
}
